
Microsoft Visual Studio Solution File, Format Version 12.00
# Visual Studio 14
VisualStudioVersion = 14.0.25420.1
MinimumVisualStudioVersion = 10.0.40219.1
Project("{FAE04EC0-301F-11D3-BF4B-00C04F79EFBC}") = "MetalSaleSystem", "MetalSaleSystem\MetalSaleSystem.csproj", "{09F7D9C3-EDB2-454F-852D-AAB14E5C494E}"
EndProject
Project("{FAE04EC0-301F-11D3-BF4B-00C04F79EFBC}") = "UnitTestMetalSaleSystem", "UnitTestMetalSaleSystem\UnitTestMetalSaleSystem.csproj", "{B2E82620-1B54-4F7C-B1E1-6FE64DF6DAE1}"
EndProject
Global
	GlobalSection(SolutionConfigurationPlatforms) = preSolution
		Debug|Any CPU = Debug|Any CPU
		Release|Any CPU = Release|Any CPU
	EndGlobalSection
	GlobalSection(ProjectConfigurationPlatforms) = postSolution
		{09F7D9C3-EDB2-454F-852D-AAB14E5C494E}.Debug|Any CPU.ActiveCfg = Debug|Any CPU
		{09F7D9C3-EDB2-454F-852D-AAB14E5C494E}.Debug|Any CPU.Build.0 = Debug|Any CPU
		{09F7D9C3-EDB2-454F-852D-AAB14E5C494E}.Release|Any CPU.ActiveCfg = Release|Any CPU
		{09F7D9C3-EDB2-454F-852D-AAB14E5C494E}.Release|Any CPU.Build.0 = Release|Any CPU
		{B2E82620-1B54-4F7C-B1E1-6FE64DF6DAE1}.Debug|Any CPU.ActiveCfg = Debug|Any CPU
		{B2E82620-1B54-4F7C-B1E1-6FE64DF6DAE1}.Debug|Any CPU.Build.0 = Debug|Any CPU
		{B2E82620-1B54-4F7C-B1E1-6FE64DF6DAE1}.Release|Any CPU.ActiveCfg = Release|Any CPU
		{B2E82620-1B54-4F7C-B1E1-6FE64DF6DAE1}.Release|Any CPU.Build.0 = Release|Any CPU
	EndGlobalSection
	GlobalSection(SolutionProperties) = preSolution
		HideSolutionNode = FALSE
	EndGlobalSection
EndGlobal
